
Microsoft Visual Studio Solution File, Format Version 12.00
# Visual Studio Version 16
VisualStudioVersion = 16.0.29905.134
MinimumVisualStudioVersion = 10.0.40219.1
Project("{FAE04EC0-301F-11D3-BF4B-00C04F79EFBC}") = "UserlikeActions", "UserlikeActions.csproj", "{D5AF2BFC-7750-4161-8D76-8939224C2694}"
EndProject
Global
	GlobalSection(SolutionConfigurationPlatforms) = preSolution
		Debug|Any CPU = Debug|Any CPU
		Release|Any CPU = Release|Any CPU
	EndGlobalSection
	GlobalSection(ProjectConfigurationPlatforms) = postSolution
		{D5AF2BFC-7750-4161-8D76-8939224C2694}.Debug|Any CPU.ActiveCfg = Debug|Any CPU
		{D5AF2BFC-7750-4161-8D76-8939224C2694}.Debug|Any CPU.Build.0 = Debug|Any CPU
		{D5AF2BFC-7750-4161-8D76-8939224C2694}.Release|Any CPU.ActiveCfg = Release|Any CPU
		{D5AF2BFC-7750-4161-8D76-8939224C2694}.Release|Any CPU.Build.0 = Release|Any CPU
	EndGlobalSection
	GlobalSection(SolutionProperties) = preSolution
		HideSolutionNode = FALSE
	EndGlobalSection
	GlobalSection(ExtensibilityGlobals) = postSolution
		SolutionGuid = {C46C141B-A159-42C7-8FB3-0D03E53CD789}
	EndGlobalSection
EndGlobal
