
Microsoft Visual Studio Solution File, Format Version 12.00
# Visual Studio Version 16
VisualStudioVersion = 16.0.29905.134
MinimumVisualStudioVersion = 10.0.40219.1
Project("{FAE04EC0-301F-11D3-BF4B-00C04F79EFBC}") = "01. Input Text box", "01. Input Text box.csproj", "{DA0BF2CC-C8FB-4C61-B6AE-665DA6604848}"
EndProject
Project("{FAE04EC0-301F-11D3-BF4B-00C04F79EFBC}") = "02. Check Box", "..\02. Check Box\02. Check Box.csproj", "{FB889D85-9194-484E-8506-F8A1A2962941}"
EndProject
Global
	GlobalSection(SolutionConfigurationPlatforms) = preSolution
		Debug|Any CPU = Debug|Any CPU
		Release|Any CPU = Release|Any CPU
	EndGlobalSection
	GlobalSection(ProjectConfigurationPlatforms) = postSolution
		{DA0BF2CC-C8FB-4C61-B6AE-665DA6604848}.Debug|Any CPU.ActiveCfg = Debug|Any CPU
		{DA0BF2CC-C8FB-4C61-B6AE-665DA6604848}.Debug|Any CPU.Build.0 = Debug|Any CPU
		{DA0BF2CC-C8FB-4C61-B6AE-665DA6604848}.Release|Any CPU.ActiveCfg = Release|Any CPU
		{DA0BF2CC-C8FB-4C61-B6AE-665DA6604848}.Release|Any CPU.Build.0 = Release|Any CPU
		{FB889D85-9194-484E-8506-F8A1A2962941}.Debug|Any CPU.ActiveCfg = Debug|Any CPU
		{FB889D85-9194-484E-8506-F8A1A2962941}.Debug|Any CPU.Build.0 = Debug|Any CPU
		{FB889D85-9194-484E-8506-F8A1A2962941}.Release|Any CPU.ActiveCfg = Release|Any CPU
		{FB889D85-9194-484E-8506-F8A1A2962941}.Release|Any CPU.Build.0 = Release|Any CPU
	EndGlobalSection
	GlobalSection(SolutionProperties) = preSolution
		HideSolutionNode = FALSE
	EndGlobalSection
	GlobalSection(ExtensibilityGlobals) = postSolution
		SolutionGuid = {DA536068-1760-4610-BA40-B417FCB97CCA}
	EndGlobalSection
EndGlobal
