
Microsoft Visual Studio Solution File, Format Version 12.00
# Visual Studio Version 16
VisualStudioVersion = 16.0.29905.134
MinimumVisualStudioVersion = 10.0.40219.1
Project("{FAE04EC0-301F-11D3-BF4B-00C04F79EFBC}") = "SeleniumScreenShots", "SeleniumScreenShots.csproj", "{2BE39B3C-CCD6-472E-A18F-CC6E201CD603}"
EndProject
Global
	GlobalSection(SolutionConfigurationPlatforms) = preSolution
		Debug|Any CPU = Debug|Any CPU
		Release|Any CPU = Release|Any CPU
	EndGlobalSection
	GlobalSection(ProjectConfigurationPlatforms) = postSolution
		{2BE39B3C-CCD6-472E-A18F-CC6E201CD603}.Debug|Any CPU.ActiveCfg = Debug|Any CPU
		{2BE39B3C-CCD6-472E-A18F-CC6E201CD603}.Debug|Any CPU.Build.0 = Debug|Any CPU
		{2BE39B3C-CCD6-472E-A18F-CC6E201CD603}.Release|Any CPU.ActiveCfg = Release|Any CPU
		{2BE39B3C-CCD6-472E-A18F-CC6E201CD603}.Release|Any CPU.Build.0 = Release|Any CPU
	EndGlobalSection
	GlobalSection(SolutionProperties) = preSolution
		HideSolutionNode = FALSE
	EndGlobalSection
	GlobalSection(ExtensibilityGlobals) = postSolution
		SolutionGuid = {23EA87E2-AFF1-4194-BCE3-0D5D6A0BED25}
	EndGlobalSection
EndGlobal
