
Microsoft Visual Studio Solution File, Format Version 12.00
# Visual Studio Version 16
VisualStudioVersion = 16.0.29905.134
MinimumVisualStudioVersion = 10.0.40219.1
Project("{FAE04EC0-301F-11D3-BF4B-00C04F79EFBC}") = "ElementLocations", "ElementLocations.csproj", "{B614C8CE-8FB4-4712-B2B1-E64682F52D50}"
EndProject
Global
	GlobalSection(SolutionConfigurationPlatforms) = preSolution
		Debug|Any CPU = Debug|Any CPU
		Release|Any CPU = Release|Any CPU
	EndGlobalSection
	GlobalSection(ProjectConfigurationPlatforms) = postSolution
		{B614C8CE-8FB4-4712-B2B1-E64682F52D50}.Debug|Any CPU.ActiveCfg = Debug|Any CPU
		{B614C8CE-8FB4-4712-B2B1-E64682F52D50}.Debug|Any CPU.Build.0 = Debug|Any CPU
		{B614C8CE-8FB4-4712-B2B1-E64682F52D50}.Release|Any CPU.ActiveCfg = Release|Any CPU
		{B614C8CE-8FB4-4712-B2B1-E64682F52D50}.Release|Any CPU.Build.0 = Release|Any CPU
	EndGlobalSection
	GlobalSection(SolutionProperties) = preSolution
		HideSolutionNode = FALSE
	EndGlobalSection
	GlobalSection(ExtensibilityGlobals) = postSolution
		SolutionGuid = {A6C28057-02F9-4DF4-A9DB-B9904547F360}
	EndGlobalSection
EndGlobal
